
Microsoft Visual Studio Solution File, Format Version 12.00
# Visual Studio 15
VisualStudioVersion = 15.0.28010.2026
MinimumVisualStudioVersion = 10.0.40219.1
Project("{FAE04EC0-301F-11D3-BF4B-00C04F79EFBC}") = "CoreWebAppXUnit1", "CoreWebAppXUnit1\CoreWebAppXUnit1.csproj", "{1EBF9DF2-A512-48BE-8C50-F00A680B6E29}"
EndProject
Project("{FAE04EC0-301F-11D3-BF4B-00C04F79EFBC}") = "CoreWebAppXUnit1.UnitTest", "CoreWebAppXUnit1.UnitTest\CoreWebAppXUnit1.UnitTest.csproj", "{6DDD68CA-0E30-4393-934A-4E792129FFA6}"
EndProject
Global
	GlobalSection(SolutionConfigurationPlatforms) = preSolution
		Debug|Any CPU = Debug|Any CPU
		Release|Any CPU = Release|Any CPU
	EndGlobalSection
	GlobalSection(ProjectConfigurationPlatforms) = postSolution
		{1EBF9DF2-A512-48BE-8C50-F00A680B6E29}.Debug|Any CPU.ActiveCfg = Debug|Any CPU
		{1EBF9DF2-A512-48BE-8C50-F00A680B6E29}.Debug|Any CPU.Build.0 = Debug|Any CPU
		{1EBF9DF2-A512-48BE-8C50-F00A680B6E29}.Release|Any CPU.ActiveCfg = Release|Any CPU
		{1EBF9DF2-A512-48BE-8C50-F00A680B6E29}.Release|Any CPU.Build.0 = Release|Any CPU
		{6DDD68CA-0E30-4393-934A-4E792129FFA6}.Debug|Any CPU.ActiveCfg = Debug|Any CPU
		{6DDD68CA-0E30-4393-934A-4E792129FFA6}.Debug|Any CPU.Build.0 = Debug|Any CPU
		{6DDD68CA-0E30-4393-934A-4E792129FFA6}.Release|Any CPU.ActiveCfg = Release|Any CPU
		{6DDD68CA-0E30-4393-934A-4E792129FFA6}.Release|Any CPU.Build.0 = Release|Any CPU
	EndGlobalSection
	GlobalSection(SolutionProperties) = preSolution
		HideSolutionNode = FALSE
	EndGlobalSection
	GlobalSection(ExtensibilityGlobals) = postSolution
		SolutionGuid = {C861EC9F-3180-42AF-8870-744F9DF38B9A}
	EndGlobalSection
EndGlobal
